// !$*UTF8*$!
{
 archiveVersion = 1;
 classes = {};
 objectVersion = 56;
 objects = {
  A00000000000000000000001 = {isa = PBXProject; attributes = {LastUpgradeCheck = 1600;}; buildConfigurationList = A00000000000000000000002; compatibilityVersion = "Xcode 14.0"; developmentRegion = ko; knownRegions = (ko, en, Base); mainGroup = A00000000000000000000003; productRefGroup = A00000000000000000000004; projectDirPath = ""; projectRoot = ""; targets = (A00000000000000000000005, B00000000000000000000001); packageReferences = (A00000000000000000000006);};
  A00000000000000000000002 = {isa = XCConfigurationList; buildConfigurations = (A00000000000000000000010, A00000000000000000000011); defaultConfigurationIsVisible = 0; defaultConfigurationName = Release;};
  A00000000000000000000003 = {isa = PBXGroup; children = (A00000000000000000000020, A00000000000000000000004); sourceTree = "<group>";};
  A00000000000000000000004 = {isa = PBXGroup; children = (A00000000000000000000007, B00000000000000000000002); name = Products; sourceTree = "<group>";};
  A00000000000000000000005 = {isa = PBXNativeTarget; buildConfigurationList = A00000000000000000000008; buildPhases = (A00000000000000000000030, A00000000000000000000031, A00000000000000000000032, B00000000000000000000010); buildRules = (); dependencies = (B00000000000000000000011); name = BuildSpirit; packageProductDependencies = (A00000000000000000000009); productName = BuildSpirit; productReference = A00000000000000000000007; productType = "com.apple.product-type.application";};
  A00000000000000000000006 = {isa = XCLocalSwiftPackageReference; relativePath = Packages/SpiritCore;};
  A00000000000000000000007 = {isa = PBXFileReference; explicitFileType = wrapper.application; includeInIndex = 0; path = BuildSpirit.app; sourceTree = BUILT_PRODUCTS_DIR;};
  A00000000000000000000008 = {isa = XCConfigurationList; buildConfigurations = (A00000000000000000000012, A00000000000000000000013); defaultConfigurationIsVisible = 0; defaultConfigurationName = Release;};
  A00000000000000000000009 = {isa = XCSwiftPackageProductDependency; package = A00000000000000000000006; productName = SpiritCore;};
  A00000000000000000000010 = {isa = XCBuildConfiguration; buildSettings = {CLANG_ENABLE_MODULES = YES; MACOSX_DEPLOYMENT_TARGET = 14.0; SDKROOT = macosx; SWIFT_VERSION = 6.0; ONLY_ACTIVE_ARCH = YES; SWIFT_OPTIMIZATION_LEVEL = "-Onone"; SWIFT_ACTIVE_COMPILATION_CONDITIONS = DEBUG;}; name = Debug;};
  A00000000000000000000011 = {isa = XCBuildConfiguration; buildSettings = {CLANG_ENABLE_MODULES = YES; MACOSX_DEPLOYMENT_TARGET = 14.0; SDKROOT = macosx; SWIFT_VERSION = 6.0; SWIFT_COMPILATION_MODE = wholemodule;}; name = Release;};
  A00000000000000000000012 = {isa = XCBuildConfiguration; buildSettings = {CODE_SIGN_STYLE = Automatic; GENERATE_INFOPLIST_FILE = YES; INFOPLIST_KEY_CFBundleDisplayName = "빌드정령"; INFOPLIST_KEY_LSUIElement = YES; INFOPLIST_KEY_NSHumanReadableCopyright = "BuildSpirit prototype"; PRODUCT_BUNDLE_IDENTIFIER = local.buildspirit.alpha; PRODUCT_NAME = "$(TARGET_NAME)"; CURRENT_PROJECT_VERSION = 1; MARKETING_VERSION = 0.1.0; ENABLE_HARDENED_RUNTIME = YES; SWIFT_STRICT_CONCURRENCY = complete;}; name = Debug;};
  A00000000000000000000013 = {isa = XCBuildConfiguration; buildSettings = {CODE_SIGN_STYLE = Automatic; GENERATE_INFOPLIST_FILE = YES; INFOPLIST_KEY_CFBundleDisplayName = "빌드정령"; INFOPLIST_KEY_LSUIElement = YES; INFOPLIST_KEY_NSHumanReadableCopyright = "BuildSpirit prototype"; PRODUCT_BUNDLE_IDENTIFIER = local.buildspirit.alpha; PRODUCT_NAME = "$(TARGET_NAME)"; CURRENT_PROJECT_VERSION = 1; MARKETING_VERSION = 0.1.0; ENABLE_HARDENED_RUNTIME = YES; SWIFT_STRICT_CONCURRENCY = complete;}; name = Release;};
  A00000000000000000000020 = {isa = PBXGroup; children = (A00000000000000000000021, A00000000000000000000022, A00000000000000000000023, A00000000000000000000024, A00000000000000000000025, A00000000000000000000026, B00000000000000000000014, B00000000000000000000003, C00000000000000000000001, D00000000000000000000001, D00000000000000000000002, D00000000000000000000003, E00000000000000000000001, E00000000000000000000002); path = App; sourceTree = "<group>";};
  A00000000000000000000021 = {isa = PBXFileReference; lastKnownFileType = sourcecode.swift; path = BuildSpiritApp.swift; sourceTree = "<group>";};
  A00000000000000000000022 = {isa = PBXFileReference; lastKnownFileType = sourcecode.swift; path = Companion/CompanionPanel.swift; sourceTree = "<group>";};
  A00000000000000000000023 = {isa = PBXFileReference; lastKnownFileType = sourcecode.swift; path = Companion/SpiritScene.swift; sourceTree = "<group>";};
  A00000000000000000000024 = {isa = PBXFileReference; lastKnownFileType = sourcecode.swift; path = Settings/SettingsView.swift; sourceTree = "<group>";};
  A00000000000000000000025 = {isa = PBXFileReference; lastKnownFileType = sourcecode.swift; path = Services/CompanionModel.swift; sourceTree = "<group>";};
  A00000000000000000000026 = {isa = PBXFileReference; lastKnownFileType = folder; path = Resources/Spirit; sourceTree = "<group>";};
  A00000000000000000000030 = {isa = PBXSourcesBuildPhase; buildActionMask = 2147483647; files = (A00000000000000000000041, A00000000000000000000042, A00000000000000000000043, A00000000000000000000044, A00000000000000000000045, B00000000000000000000015, C00000000000000000000002, D00000000000000000000011, D00000000000000000000012, D00000000000000000000013, E00000000000000000000011, E00000000000000000000012); runOnlyForDeploymentPostprocessing = 0;};
  E00000000000000000000001 = {isa = PBXFileReference; lastKnownFileType = sourcecode.swift; path = Dashboard/QuotaController.swift; sourceTree = "<group>";};
  E00000000000000000000002 = {isa = PBXFileReference; lastKnownFileType = sourcecode.swift; path = Dashboard/QuotaView.swift; sourceTree = "<group>";};
  E00000000000000000000011 = {isa = PBXBuildFile; fileRef = E00000000000000000000001;};
  E00000000000000000000012 = {isa = PBXBuildFile; fileRef = E00000000000000000000002;};
  D00000000000000000000001 = {isa = PBXFileReference; lastKnownFileType = sourcecode.swift; path = Dashboard/DashboardController.swift; sourceTree = "<group>";};
  D00000000000000000000002 = {isa = PBXFileReference; lastKnownFileType = sourcecode.swift; path = Dashboard/DashboardTheme.swift; sourceTree = "<group>";};
  D00000000000000000000003 = {isa = PBXFileReference; lastKnownFileType = sourcecode.swift; path = Dashboard/DashboardView.swift; sourceTree = "<group>";};
  D00000000000000000000011 = {isa = PBXBuildFile; fileRef = D00000000000000000000001;};
  D00000000000000000000012 = {isa = PBXBuildFile; fileRef = D00000000000000000000002;};
  D00000000000000000000013 = {isa = PBXBuildFile; fileRef = D00000000000000000000003;};
  C00000000000000000000001 = {isa = PBXFileReference; lastKnownFileType = sourcecode.swift; path = Settings/MotionReviewView.swift; sourceTree = "<group>";};
  C00000000000000000000002 = {isa = PBXBuildFile; fileRef = C00000000000000000000001;};
  A00000000000000000000031 = {isa = PBXFrameworksBuildPhase; buildActionMask = 2147483647; files = (A00000000000000000000047); runOnlyForDeploymentPostprocessing = 0;};
  A00000000000000000000032 = {isa = PBXResourcesBuildPhase; buildActionMask = 2147483647; files = (A00000000000000000000046); runOnlyForDeploymentPostprocessing = 0;};
  A00000000000000000000041 = {isa = PBXBuildFile; fileRef = A00000000000000000000021;};
  A00000000000000000000042 = {isa = PBXBuildFile; fileRef = A00000000000000000000022;};
  A00000000000000000000043 = {isa = PBXBuildFile; fileRef = A00000000000000000000023;};
  A00000000000000000000044 = {isa = PBXBuildFile; fileRef = A00000000000000000000024;};
  A00000000000000000000045 = {isa = PBXBuildFile; fileRef = A00000000000000000000025;};
  A00000000000000000000046 = {isa = PBXBuildFile; fileRef = A00000000000000000000026;};
  A00000000000000000000047 = {isa = PBXBuildFile; productRef = A00000000000000000000009;};
  B00000000000000000000001 = {isa = PBXNativeTarget; buildConfigurationList = B00000000000000000000006; buildPhases = (B00000000000000000000004, B00000000000000000000005); buildRules = (); dependencies = (); name = SpiritBridge; packageProductDependencies = (A00000000000000000000009); productName = SpiritBridge; productReference = B00000000000000000000002; productType = "com.apple.product-type.tool";};
  B00000000000000000000002 = {isa = PBXFileReference; explicitFileType = "compiled.mach-o.executable"; includeInIndex = 0; path = SpiritBridge; sourceTree = BUILT_PRODUCTS_DIR;};
  B00000000000000000000003 = {isa = PBXFileReference; lastKnownFileType = sourcecode.swift; path = Packages/SpiritCore/Sources/SpiritBridge/main.swift; sourceTree = SOURCE_ROOT;};
  B00000000000000000000004 = {isa = PBXSourcesBuildPhase; buildActionMask = 2147483647; files = (B00000000000000000000009); runOnlyForDeploymentPostprocessing = 0;};
  B00000000000000000000005 = {isa = PBXFrameworksBuildPhase; buildActionMask = 2147483647; files = (B00000000000000000000016); runOnlyForDeploymentPostprocessing = 0;};
  B00000000000000000000006 = {isa = XCConfigurationList; buildConfigurations = (B00000000000000000000007, B00000000000000000000008); defaultConfigurationIsVisible = 0; defaultConfigurationName = Release;};
  B00000000000000000000007 = {isa = XCBuildConfiguration; buildSettings = {PRODUCT_NAME = SpiritBridge; SKIP_INSTALL = YES; CODE_SIGN_STYLE = Automatic; ENABLE_HARDENED_RUNTIME = YES;}; name = Debug;};
  B00000000000000000000008 = {isa = XCBuildConfiguration; buildSettings = {PRODUCT_NAME = SpiritBridge; SKIP_INSTALL = YES; CODE_SIGN_STYLE = Automatic; ENABLE_HARDENED_RUNTIME = YES;}; name = Release;};
  B00000000000000000000009 = {isa = PBXBuildFile; fileRef = B00000000000000000000003;};
  B00000000000000000000010 = {isa = PBXCopyFilesBuildPhase; buildActionMask = 2147483647; dstPath = ""; dstSubfolderSpec = 6; files = (B00000000000000000000013); name = "Embed SpiritBridge"; runOnlyForDeploymentPostprocessing = 0;};
  B00000000000000000000011 = {isa = PBXTargetDependency; target = B00000000000000000000001; targetProxy = B00000000000000000000012;};
  B00000000000000000000012 = {isa = PBXContainerItemProxy; containerPortal = A00000000000000000000001; proxyType = 1; remoteGlobalIDString = B00000000000000000000001; remoteInfo = SpiritBridge;};
  B00000000000000000000013 = {isa = PBXBuildFile; fileRef = B00000000000000000000002; settings = {ATTRIBUTES = (CodeSignOnCopy);};};
  B00000000000000000000014 = {isa = PBXFileReference; lastKnownFileType = sourcecode.swift; path = Settings/ConnectionView.swift; sourceTree = "<group>";};
  B00000000000000000000015 = {isa = PBXBuildFile; fileRef = B00000000000000000000014;};
  B00000000000000000000016 = {isa = PBXBuildFile; productRef = A00000000000000000000009;};
 };
 rootObject = A00000000000000000000001;
}
